// !$*UTF8*$!
{
	archiveVersion = 1;
	classes = {
	};
	objectVersion = 56;
	objects = {

/* Begin PBXBuildFile section */
		A7063A4C2927CF050056746F /* ArticleView.swift in Sources */ = {isa = PBXBuildFile; fileRef = A7063A4B2927CF050056746F /* ArticleView.swift */; };
		A716FED529240170001C3710 /* ArticleModel.swift in Sources */ = {isa = PBXBuildFile; fileRef = A716FED429240170001C3710 /* ArticleModel.swift */; };
		A716FED7292401C5001C3710 /* MenuItemModel.swift in Sources */ = {isa = PBXBuildFile; fileRef = A716FED6292401C5001C3710 /* MenuItemModel.swift */; };
		A7B66D0D292687190020D918 /* ArticleListView.swift in Sources */ = {isa = PBXBuildFile; fileRef = A7B66D0C292687190020D918 /* ArticleListView.swift */; };
		A7C05F9829237F4B0056F4AE /* SquadreModel.swift in Sources */ = {isa = PBXBuildFile; fileRef = A7C05F9729237F4B0056F4AE /* SquadreModel.swift */; };
		A7C05F9D2923DB8C0056F4AE /* SettingsView.swift in Sources */ = {isa = PBXBuildFile; fileRef = A7C05F9C2923DB8C0056F4AE /* SettingsView.swift */; };
		A7F7573929227E74006CB970 /* sosFantaApp.swift in Sources */ = {isa = PBXBuildFile; fileRef = A7F7573829227E74006CB970 /* sosFantaApp.swift */; };
		A7F7573B29227E74006CB970 /* TabsView.swift in Sources */ = {isa = PBXBuildFile; fileRef = A7F7573A29227E74006CB970 /* TabsView.swift */; };
		A7F7573D29227E75006CB970 /* Assets.xcassets in Resources */ = {isa = PBXBuildFile; fileRef = A7F7573C29227E75006CB970 /* Assets.xcassets */; };
		A7F7574029227E75006CB970 /* Preview Assets.xcassets in Resources */ = {isa = PBXBuildFile; fileRef = A7F7573F29227E75006CB970 /* Preview Assets.xcassets */; };
		A7F7574B29227FFC006CB970 /* NewsView.swift in Sources */ = {isa = PBXBuildFile; fileRef = A7F7574A29227FFC006CB970 /* NewsView.swift */; };
		A7F7574E292280D0006CB970 /* MenuView.swift in Sources */ = {isa = PBXBuildFile; fileRef = A7F7574D292280D0006CB970 /* MenuView.swift */; };
		A7F7575329228228006CB970 /* SquadreView.swift in Sources */ = {isa = PBXBuildFile; fileRef = A7F7575229228228006CB970 /* SquadreView.swift */; };
/* End PBXBuildFile section */

/* Begin PBXFileReference section */
		A7063A4B2927CF050056746F /* ArticleView.swift */ = {isa = PBXFileReference; lastKnownFileType = sourcecode.swift; path = ArticleView.swift; sourceTree = "<group>"; };
		A716FED429240170001C3710 /* ArticleModel.swift */ = {isa = PBXFileReference; lastKnownFileType = sourcecode.swift; path = ArticleModel.swift; sourceTree = "<group>"; };
		A716FED6292401C5001C3710 /* MenuItemModel.swift */ = {isa = PBXFileReference; lastKnownFileType = sourcecode.swift; path = MenuItemModel.swift; sourceTree = "<group>"; };
		A7B66D0C292687190020D918 /* ArticleListView.swift */ = {isa = PBXFileReference; lastKnownFileType = sourcecode.swift; path = ArticleListView.swift; sourceTree = "<group>"; };
		A7C05F9729237F4B0056F4AE /* SquadreModel.swift */ = {isa = PBXFileReference; fileEncoding = 4; lastKnownFileType = sourcecode.swift; name = SquadreModel.swift; path = ../../../../../../.Trash/SquadreModel.swift; sourceTree = "<group>"; };
		A7C05F9C2923DB8C0056F4AE /* SettingsView.swift */ = {isa = PBXFileReference; lastKnownFileType = sourcecode.swift; path = SettingsView.swift; sourceTree = "<group>"; };
		A7F7573529227E74006CB970 /* sosFanta.app */ = {isa = PBXFileReference; explicitFileType = wrapper.application; includeInIndex = 0; path = sosFanta.app; sourceTree = BUILT_PRODUCTS_DIR; };
		A7F7573829227E74006CB970 /* sosFantaApp.swift */ = {isa = PBXFileReference; lastKnownFileType = sourcecode.swift; path = sosFantaApp.swift; sourceTree = "<group>"; };
		A7F7573A29227E74006CB970 /* TabsView.swift */ = {isa = PBXFileReference; lastKnownFileType = sourcecode.swift; path = TabsView.swift; sourceTree = "<group>"; };
		A7F7573C29227E75006CB970 /* Assets.xcassets */ = {isa = PBXFileReference; lastKnownFileType = folder.assetcatalog; path = Assets.xcassets; sourceTree = "<group>"; };
		A7F7573F29227E75006CB970 /* Preview Assets.xcassets */ = {isa = PBXFileReference; lastKnownFileType = folder.assetcatalog; path = "Preview Assets.xcassets"; sourceTree = "<group>"; };
		A7F7574A29227FFC006CB970 /* NewsView.swift */ = {isa = PBXFileReference; lastKnownFileType = sourcecode.swift; path = NewsView.swift; sourceTree = "<group>"; };
		A7F7574D292280D0006CB970 /* MenuView.swift */ = {isa = PBXFileReference; lastKnownFileType = sourcecode.swift; path = MenuView.swift; sourceTree = "<group>"; };
		A7F7575229228228006CB970 /* SquadreView.swift */ = {isa = PBXFileReference; lastKnownFileType = sourcecode.swift; path = SquadreView.swift; sourceTree = "<group>"; };
/* End PBXFileReference section */

/* Begin PBXFrameworksBuildPhase section */
		A7F7573229227E74006CB970 /* Frameworks */ = {
			isa = PBXFrameworksBuildPhase;
			buildActionMask = 2147483647;
			files = (
			);
			runOnlyForDeploymentPostprocessing = 0;
		};
/* End PBXFrameworksBuildPhase section */

/* Begin PBXGroup section */
		A7C05F9B2923DB640056F4AE /* Settings */ = {
			isa = PBXGroup;
			children = (
				A7C05F9C2923DB8C0056F4AE /* SettingsView.swift */,
			);
			path = Settings;
			sourceTree = "<group>";
		};
		A7F7572C29227E74006CB970 = {
			isa = PBXGroup;
			children = (
				A7F7573729227E74006CB970 /* sosFanta */,
				A7F7573629227E74006CB970 /* Products */,
			);
			sourceTree = "<group>";
		};
		A7F7573629227E74006CB970 /* Products */ = {
			isa = PBXGroup;
			children = (
				A7F7573529227E74006CB970 /* sosFanta.app */,
			);
			name = Products;
			sourceTree = "<group>";
		};
		A7F7573729227E74006CB970 /* sosFanta */ = {
			isa = PBXGroup;
			children = (
				A7F7573829227E74006CB970 /* sosFantaApp.swift */,
				A7F7574629227ED6006CB970 /* Views */,
				A7F7574729227EE0006CB970 /* Models */,
				A7F7573E29227E75006CB970 /* Preview Content */,
			);
			path = sosFanta;
			sourceTree = "<group>";
		};
		A7F7573E29227E75006CB970 /* Preview Content */ = {
			isa = PBXGroup;
			children = (
				A7F7573F29227E75006CB970 /* Preview Assets.xcassets */,
				A7F7573C29227E75006CB970 /* Assets.xcassets */,
			);
			path = "Preview Content";
			sourceTree = "<group>";
		};
		A7F7574629227ED6006CB970 /* Views */ = {
			isa = PBXGroup;
			children = (
				A7F7573A29227E74006CB970 /* TabsView.swift */,
				A7F7574829227F49006CB970 /* Tabs */,
			);
			path = Views;
			sourceTree = "<group>";
		};
		A7F7574729227EE0006CB970 /* Models */ = {
			isa = PBXGroup;
			children = (
				A7C05F9729237F4B0056F4AE /* SquadreModel.swift */,
				A716FED429240170001C3710 /* ArticleModel.swift */,
				A716FED6292401C5001C3710 /* MenuItemModel.swift */,
			);
			path = Models;
			sourceTree = "<group>";
		};
		A7F7574829227F49006CB970 /* Tabs */ = {
			isa = PBXGroup;
			children = (
				A7F75750292280F9006CB970 /* News */,
				A7F7575129228211006CB970 /* Squadre */,
				A7F7574F292280EF006CB970 /* Menu */,
				A7C05F9B2923DB640056F4AE /* Settings */,
			);
			path = Tabs;
			sourceTree = "<group>";
		};
		A7F7574929227FC0006CB970 /* NewsView Elements */ = {
			isa = PBXGroup;
			children = (
				A7B66D0C292687190020D918 /* ArticleListView.swift */,
				A7063A4B2927CF050056746F /* ArticleView.swift */,
			);
			path = "NewsView Elements";
			sourceTree = "<group>";
		};
		A7F7574C292280BC006CB970 /* MenuView Elements */ = {
			isa = PBXGroup;
			children = (
			);
			path = "MenuView Elements";
			sourceTree = "<group>";
		};
		A7F7574F292280EF006CB970 /* Menu */ = {
			isa = PBXGroup;
			children = (
				A7F7574D292280D0006CB970 /* MenuView.swift */,
				A7F7574C292280BC006CB970 /* MenuView Elements */,
			);
			path = Menu;
			sourceTree = "<group>";
		};
		A7F75750292280F9006CB970 /* News */ = {
			isa = PBXGroup;
			children = (
				A7F7574A29227FFC006CB970 /* NewsView.swift */,
				A7F7574929227FC0006CB970 /* NewsView Elements */,
			);
			path = News;
			sourceTree = "<group>";
		};
		A7F7575129228211006CB970 /* Squadre */ = {
			isa = PBXGroup;
			children = (
				A7F7575229228228006CB970 /* SquadreView.swift */,
				A7F757542922822C006CB970 /* SquareView Elements */,
			);
			path = Squadre;
			sourceTree = "<group>";
		};
		A7F757542922822C006CB970 /* SquareView Elements */ = {
			isa = PBXGroup;
			children = (
			);
			path = "SquareView Elements";
			sourceTree = "<group>";
		};
/* End PBXGroup section */

/* Begin PBXNativeTarget section */
		A7F7573429227E74006CB970 /* sosFanta */ = {
			isa = PBXNativeTarget;
			buildConfigurationList = A7F7574329227E75006CB970 /* Build configuration list for PBXNativeTarget "sosFanta" */;
			buildPhases = (
				A7F7573129227E74006CB970 /* Sources */,
				A7F7573229227E74006CB970 /* Frameworks */,
				A7F7573329227E74006CB970 /* Resources */,
			);
			buildRules = (
			);
			dependencies = (
			);
			name = sosFanta;
			productName = sosFanta;
			productReference = A7F7573529227E74006CB970 /* sosFanta.app */;
			productType = "com.apple.product-type.application";
		};
/* End PBXNativeTarget section */

/* Begin PBXProject section */
		A7F7572D29227E74006CB970 /* Project object */ = {
			isa = PBXProject;
			attributes = {
				BuildIndependentTargetsInParallel = 1;
				LastSwiftUpdateCheck = 1410;
				LastUpgradeCheck = 1410;
				TargetAttributes = {
					A7F7573429227E74006CB970 = {
						CreatedOnToolsVersion = 14.1;
					};
				};
			};
			buildConfigurationList = A7F7573029227E74006CB970 /* Build configuration list for PBXProject "sosFanta" */;
			compatibilityVersion = "Xcode 14.0";
			developmentRegion = en;
			hasScannedForEncodings = 0;
			knownRegions = (
				en,
				Base,
			);
			mainGroup = A7F7572C29227E74006CB970;
			productRefGroup = A7F7573629227E74006CB970 /* Products */;
			projectDirPath = "";
			projectRoot = "";
			targets = (
				A7F7573429227E74006CB970 /* sosFanta */,
			);
		};
/* End PBXProject section */

/* Begin PBXResourcesBuildPhase section */
		A7F7573329227E74006CB970 /* Resources */ = {
			isa = PBXResourcesBuildPhase;
			buildActionMask = 2147483647;
			files = (
				A7F7574029227E75006CB970 /* Preview Assets.xcassets in Resources */,
				A7F7573D29227E75006CB970 /* Assets.xcassets in Resources */,
			);
			runOnlyForDeploymentPostprocessing = 0;
		};
/* End PBXResourcesBuildPhase section */

/* Begin PBXSourcesBuildPhase section */
		A7F7573129227E74006CB970 /* Sources */ = {
			isa = PBXSourcesBuildPhase;
			buildActionMask = 2147483647;
			files = (
				A7C05F9D2923DB8C0056F4AE /* SettingsView.swift in Sources */,
				A716FED529240170001C3710 /* ArticleModel.swift in Sources */,
				A7F7574B29227FFC006CB970 /* NewsView.swift in Sources */,
				A7F7574E292280D0006CB970 /* MenuView.swift in Sources */,
				A7F7573B29227E74006CB970 /* TabsView.swift in Sources */,
				A7C05F9829237F4B0056F4AE /* SquadreModel.swift in Sources */,
				A7B66D0D292687190020D918 /* ArticleListView.swift in Sources */,
				A7F7573929227E74006CB970 /* sosFantaApp.swift in Sources */,
				A7F7575329228228006CB970 /* SquadreView.swift in Sources */,
				A716FED7292401C5001C3710 /* MenuItemModel.swift in Sources */,
				A7063A4C2927CF050056746F /* ArticleView.swift in Sources */,
			);
			runOnlyForDeploymentPostprocessing = 0;
		};
/* End PBXSourcesBuildPhase section */

/* Begin XCBuildConfiguration section */
		A7F7574129227E75006CB970 /* Debug */ = {
			isa = XCBuildConfiguration;
			buildSettings = {
				ALWAYS_SEARCH_USER_PATHS = NO;
				CLANG_ANALYZER_NONNULL = YES;
				CLANG_ANALYZER_NUMBER_OBJECT_CONVERSION = YES_AGGRESSIVE;
				CLANG_CXX_LANGUAGE_STANDARD = "gnu++20";
				CLANG_ENABLE_MODULES = YES;
				CLANG_ENABLE_OBJC_ARC = YES;
				CLANG_ENABLE_OBJC_WEAK = YES;
				CLANG_WARN_BLOCK_CAPTURE_AUTORELEASING = YES;
				CLANG_WARN_BOOL_CONVERSION = YES;
				CLANG_WARN_COMMA = YES;
				CLANG_WARN_CONSTANT_CONVERSION = YES;
				CLANG_WARN_DEPRECATED_OBJC_IMPLEMENTATIONS = YES;
				CLANG_WARN_DIRECT_OBJC_ISA_USAGE = YES_ERROR;
				CLANG_WARN_DOCUMENTATION_COMMENTS = YES;
				CLANG_WARN_EMPTY_BODY = YES;
				CLANG_WARN_ENUM_CONVERSION = YES;
				CLANG_WARN_INFINITE_RECURSION = YES;
				CLANG_WARN_INT_CONVERSION = YES;
				CLANG_WARN_NON_LITERAL_NULL_CONVERSION = YES;
				CLANG_WARN_OBJC_IMPLICIT_RETAIN_SELF = YES;
				CLANG_WARN_OBJC_LITERAL_CONVERSION = YES;
				CLANG_WARN_OBJC_ROOT_CLASS = YES_ERROR;
				CLANG_WARN_QUOTED_INCLUDE_IN_FRAMEWORK_HEADER = YES;
				CLANG_WARN_RANGE_LOOP_ANALYSIS = YES;
				CLANG_WARN_STRICT_PROTOTYPES = YES;
				CLANG_WARN_SUSPICIOUS_MOVE = YES;
				CLANG_WARN_UNGUARDED_AVAILABILITY = YES_AGGRESSIVE;
				CLANG_WARN_UNREACHABLE_CODE = YES;
				CLANG_WARN__DUPLICATE_METHOD_MATCH = YES;
				COPY_PHASE_STRIP = NO;
				DEBUG_INFORMATION_FORMAT = dwarf;
				ENABLE_STRICT_OBJC_MSGSEND = YES;
				ENABLE_TESTABILITY = YES;
				GCC_C_LANGUAGE_STANDARD = gnu11;
				GCC_DYNAMIC_NO_PIC = NO;
				GCC_NO_COMMON_BLOCKS = YES;
				GCC_OPTIMIZATION_LEVEL = 0;
				GCC_PREPROCESSOR_DEFINITIONS = (
					"DEBUG=1",
					"$(inherited)",
				);
				GCC_WARN_64_TO_32_BIT_CONVERSION = YES;
				GCC_WARN_ABOUT_RETURN_TYPE = YES_ERROR;
				GCC_WARN_UNDECLARED_SELECTOR = YES;
				GCC_WARN_UNINITIALIZED_AUTOS = YES_AGGRESSIVE;
				GCC_WARN_UNUSED_FUNCTION = YES;
				GCC_WARN_UNUSED_VARIABLE = YES;
				IPHONEOS_DEPLOYMENT_TARGET = 16.1;
				MTL_ENABLE_DEBUG_INFO = INCLUDE_SOURCE;
				MTL_FAST_MATH = YES;
				ONLY_ACTIVE_ARCH = YES;
				SDKROOT = iphoneos;
				SWIFT_ACTIVE_COMPILATION_CONDITIONS = DEBUG;
				SWIFT_OPTIMIZATION_LEVEL = "-Onone";
			};
			name = Debug;
		};
		A7F7574229227E75006CB970 /* Release */ = {
			isa = XCBuildConfiguration;
			buildSettings = {
				ALWAYS_SEARCH_USER_PATHS = NO;
				CLANG_ANALYZER_NONNULL = YES;
				CLANG_ANALYZER_NUMBER_OBJECT_CONVERSION = YES_AGGRESSIVE;
				CLANG_CXX_LANGUAGE_STANDARD = "gnu++20";
				CLANG_ENABLE_MODULES = YES;
				CLANG_ENABLE_OBJC_ARC = YES;
				CLANG_ENABLE_OBJC_WEAK = YES;
				CLANG_WARN_BLOCK_CAPTURE_AUTORELEASING = YES;
				CLANG_WARN_BOOL_CONVERSION = YES;
				CLANG_WARN_COMMA = YES;
				CLANG_WARN_CONSTANT_CONVERSION = YES;
				CLANG_WARN_DEPRECATED_OBJC_IMPLEMENTATIONS = YES;
				CLANG_WARN_DIRECT_OBJC_ISA_USAGE = YES_ERROR;
				CLANG_WARN_DOCUMENTATION_COMMENTS = YES;
				CLANG_WARN_EMPTY_BODY = YES;
				CLANG_WARN_ENUM_CONVERSION = YES;
				CLANG_WARN_INFINITE_RECURSION = YES;
				CLANG_WARN_INT_CONVERSION = YES;
				CLANG_WARN_NON_LITERAL_NULL_CONVERSION = YES;
				CLANG_WARN_OBJC_IMPLICIT_RETAIN_SELF = YES;
				CLANG_WARN_OBJC_LITERAL_CONVERSION = YES;
				CLANG_WARN_OBJC_ROOT_CLASS = YES_ERROR;
				CLANG_WARN_QUOTED_INCLUDE_IN_FRAMEWORK_HEADER = YES;
				CLANG_WARN_RANGE_LOOP_ANALYSIS = YES;
				CLANG_WARN_STRICT_PROTOTYPES = YES;
				CLANG_WARN_SUSPICIOUS_MOVE = YES;
				CLANG_WARN_UNGUARDED_AVAILABILITY = YES_AGGRESSIVE;
				CLANG_WARN_UNREACHABLE_CODE = YES;
				CLANG_WARN__DUPLICATE_METHOD_MATCH = YES;
				COPY_PHASE_STRIP = NO;
				DEBUG_INFORMATION_FORMAT = "dwarf-with-dsym";
				ENABLE_NS_ASSERTIONS = NO;
				ENABLE_STRICT_OBJC_MSGSEND = YES;
				GCC_C_LANGUAGE_STANDARD = gnu11;
				GCC_NO_COMMON_BLOCKS = YES;
				GCC_WARN_64_TO_32_BIT_CONVERSION = YES;
				GCC_WARN_ABOUT_RETURN_TYPE = YES_ERROR;
				GCC_WARN_UNDECLARED_SELECTOR = YES;
				GCC_WARN_UNINITIALIZED_AUTOS = YES_AGGRESSIVE;
				GCC_WARN_UNUSED_FUNCTION = YES;
				GCC_WARN_UNUSED_VARIABLE = YES;
				IPHONEOS_DEPLOYMENT_TARGET = 16.1;
				MTL_ENABLE_DEBUG_INFO = NO;
				MTL_FAST_MATH = YES;
				SDKROOT = iphoneos;
				SWIFT_COMPILATION_MODE = wholemodule;
				SWIFT_OPTIMIZATION_LEVEL = "-O";
				VALIDATE_PRODUCT = YES;
			};
			name = Release;
		};
		A7F7574429227E75006CB970 /* Debug */ = {
			isa = XCBuildConfiguration;
			buildSettings = {
				ASSETCATALOG_COMPILER_APPICON_NAME = AppIcon;
				ASSETCATALOG_COMPILER_GLOBAL_ACCENT_COLOR_NAME = AccentColor;
				CODE_SIGN_STYLE = Automatic;
				CURRENT_PROJECT_VERSION = 1;
				DEVELOPMENT_ASSET_PATHS = "\"sosFanta/Preview Content\"";
				DEVELOPMENT_TEAM = 56AV2RD3G8;
				ENABLE_PREVIEWS = YES;
				GENERATE_INFOPLIST_FILE = YES;
				INFOPLIST_KEY_UIApplicationSceneManifest_Generation = YES;
				INFOPLIST_KEY_UIApplicationSupportsIndirectInputEvents = YES;
				INFOPLIST_KEY_UILaunchScreen_Generation = YES;
				INFOPLIST_KEY_UISupportedInterfaceOrientations_iPad = "UIInterfaceOrientationPortrait UIInterfaceOrientationPortraitUpsideDown UIInterfaceOrientationLandscapeLeft UIInterfaceOrientationLandscapeRight";
				INFOPLIST_KEY_UISupportedInterfaceOrientations_iPhone = "UIInterfaceOrientationPortrait UIInterfaceOrientationLandscapeLeft UIInterfaceOrientationLandscapeRight";
				LD_RUNPATH_SEARCH_PATHS = (
					"$(inherited)",
					"@executable_path/Frameworks",
				);
				MARKETING_VERSION = 1.0;
				PRODUCT_BUNDLE_IDENTIFIER = "Leonardo-Daniele.sosFanta";
				PRODUCT_NAME = "$(TARGET_NAME)";
				SWIFT_EMIT_LOC_STRINGS = YES;
				SWIFT_VERSION = 5.0;
				TARGETED_DEVICE_FAMILY = "1,2";
			};
			name = Debug;
		};
		A7F7574529227E75006CB970 /* Release */ = {
			isa = XCBuildConfiguration;
			buildSettings = {
				ASSETCATALOG_COMPILER_APPICON_NAME = AppIcon;
				ASSETCATALOG_COMPILER_GLOBAL_ACCENT_COLOR_NAME = AccentColor;
				CODE_SIGN_STYLE = Automatic;
				CURRENT_PROJECT_VERSION = 1;
				DEVELOPMENT_ASSET_PATHS = "\"sosFanta/Preview Content\"";
				DEVELOPMENT_TEAM = 56AV2RD3G8;
				ENABLE_PREVIEWS = YES;
				GENERATE_INFOPLIST_FILE = YES;
				INFOPLIST_KEY_UIApplicationSceneManifest_Generation = YES;
				INFOPLIST_KEY_UIApplicationSupportsIndirectInputEvents = YES;
				INFOPLIST_KEY_UILaunchScreen_Generation = YES;
				INFOPLIST_KEY_UISupportedInterfaceOrientations_iPad = "UIInterfaceOrientationPortrait UIInterfaceOrientationPortraitUpsideDown UIInterfaceOrientationLandscapeLeft UIInterfaceOrientationLandscapeRight";
				INFOPLIST_KEY_UISupportedInterfaceOrientations_iPhone = "UIInterfaceOrientationPortrait UIInterfaceOrientationLandscapeLeft UIInterfaceOrientationLandscapeRight";
				LD_RUNPATH_SEARCH_PATHS = (
					"$(inherited)",
					"@executable_path/Frameworks",
				);
				MARKETING_VERSION = 1.0;
				PRODUCT_BUNDLE_IDENTIFIER = "Leonardo-Daniele.sosFanta";
				PRODUCT_NAME = "$(TARGET_NAME)";
				SWIFT_EMIT_LOC_STRINGS = YES;
				SWIFT_VERSION = 5.0;
				TARGETED_DEVICE_FAMILY = "1,2";
			};
			name = Release;
		};
/* End XCBuildConfiguration section */

/* Begin XCConfigurationList section */
		A7F7573029227E74006CB970 /* Build configuration list for PBXProject "sosFanta" */ = {
			isa = XCConfigurationList;
			buildConfigurations = (
				A7F7574129227E75006CB970 /* Debug */,
				A7F7574229227E75006CB970 /* Release */,
			);
			defaultConfigurationIsVisible = 0;
			defaultConfigurationName = Release;
		};
		A7F7574329227E75006CB970 /* Build configuration list for PBXNativeTarget "sosFanta" */ = {
			isa = XCConfigurationList;
			buildConfigurations = (
				A7F7574429227E75006CB970 /* Debug */,
				A7F7574529227E75006CB970 /* Release */,
			);
			defaultConfigurationIsVisible = 0;
			defaultConfigurationName = Release;
		};
/* End XCConfigurationList section */
	};
	rootObject = A7F7572D29227E74006CB970 /* Project object */;
}
